
Microsoft Visual Studio Solution File, Format Version 12.00
# Visual Studio Version 16
VisualStudioVersion = 16.0.29509.3
MinimumVisualStudioVersion = 10.0.40219.1
Project("{FAE04EC0-301F-11D3-BF4B-00C04F79EFBC}") = "ProjetoLifety", "ProjetoLifety\ProjetoLifety.csproj", "{22DECE31-2D9F-415D-9B04-38670B4BC3D1}"
EndProject
Global
	GlobalSection(SolutionConfigurationPlatforms) = preSolution
		Debug|Any CPU = Debug|Any CPU
		Release|Any CPU = Release|Any CPU
	EndGlobalSection
	GlobalSection(ProjectConfigurationPlatforms) = postSolution
		{22DECE31-2D9F-415D-9B04-38670B4BC3D1}.Debug|Any CPU.ActiveCfg = Debug|Any CPU
		{22DECE31-2D9F-415D-9B04-38670B4BC3D1}.Debug|Any CPU.Build.0 = Debug|Any CPU
		{22DECE31-2D9F-415D-9B04-38670B4BC3D1}.Release|Any CPU.ActiveCfg = Release|Any CPU
		{22DECE31-2D9F-415D-9B04-38670B4BC3D1}.Release|Any CPU.Build.0 = Release|Any CPU
	EndGlobalSection
	GlobalSection(SolutionProperties) = preSolution
		HideSolutionNode = FALSE
	EndGlobalSection
	GlobalSection(ExtensibilityGlobals) = postSolution
		SolutionGuid = {D918D963-1BBA-4395-A022-03DB9928709F}
	EndGlobalSection
EndGlobal
